{
  "requires": true,
  "lockfileVersion": 1,
  "dependencies": {
    "displacy": {
      "version": "1.1.0",
      "resolved": "https://registry.npmjs.org/displacy/-/displacy-1.1.0.tgz",
      "integrity": "sha512-/D1K6M6lLgKgAj+oNJ13NUp/BV/VmdpSLP9XIqB1+Dad7sRkHYyaczIGjtJZEPjyngxc2jSgyvr2tfL4paR0tg=="
    }
  }
}
